
Microsoft Visual Studio Solution File, Format Version 12.00
# Visual Studio Version 17
VisualStudioVersion = 17.10.35013.160
MinimumVisualStudioVersion = 10.0.40219.1
Project("{FAE04EC0-301F-11D3-BF4B-00C04F79EFBC}") = "YAPCA", "YAPCA\YAPCA.csproj", "{DCA30939-77FC-4876-8C8B-6AF1CA4DC316}"
EndProject
Global
	GlobalSection(SolutionConfigurationPlatforms) = preSolution
		Debug|Any CPU = Debug|Any CPU
		Release|Any CPU = Release|Any CPU
	EndGlobalSection
	GlobalSection(ProjectConfigurationPlatforms) = postSolution
		{DCA30939-77FC-4876-8C8B-6AF1CA4DC316}.Debug|Any CPU.ActiveCfg = Debug|Any CPU
		{DCA30939-77FC-4876-8C8B-6AF1CA4DC316}.Debug|Any CPU.Build.0 = Debug|Any CPU
		{DCA30939-77FC-4876-8C8B-6AF1CA4DC316}.Release|Any CPU.ActiveCfg = Release|Any CPU
		{DCA30939-77FC-4876-8C8B-6AF1CA4DC316}.Release|Any CPU.Build.0 = Release|Any CPU
	EndGlobalSection
	GlobalSection(SolutionProperties) = preSolution
		HideSolutionNode = FALSE
	EndGlobalSection
	GlobalSection(ExtensibilityGlobals) = postSolution
		SolutionGuid = {87997B84-D84B-4AF5-B2E5-7C96D34E48F8}
	EndGlobalSection
EndGlobal
